{
    "_readme": [
        "This file locks the dependencies of your project to a known state",
        "Read more about it at http://getcomposer.org/doc/01-basic-usage.md#composer-lock-the-lock-file"
    ],
    "hash": "1567c302d3146c8f0a8c0a99bb4bfdb0",
    "packages": [
        {
            "name": "kaloa/filesystem",
            "version": "dev-master",
            "source": {
                "type": "git",
                "url": "https://github.com/mermshaus/kaloa-filesystem.git",
                "reference": "d780c0cd7b12c43e7b318a2a08416c24849083a8"
            },
            "dist": {
                "type": "zip",
                "url": "https://api.github.com/repos/mermshaus/kaloa-filesystem/zipball/d780c0cd7b12c43e7b318a2a08416c24849083a8",
                "reference": "d780c0cd7b12c43e7b318a2a08416c24849083a8",
                "shasum": ""
            },
            "require": {
                "php": ">=5.3.0"
            },
            "type": "library",
            "autoload": {
                "psr-0": {
                    "Kaloa": "src"
                }
            },
            "notification-url": "https://packagist.org/downloads/",
            "license": [
                "MIT"
            ],
            "authors": [
                {
                    "name": "Marc Ermshaus",
                    "email": "marc@ermshaus.org",
                    "homepage": "http://www.ermshaus.org/"
                }
            ],
            "description": "Useful classes for working with the filesystem",
            "homepage": "http://www.kaloa.org/",
            "keywords": [
                "filesystem"
            ],
            "time": "2012-09-03 08:45:14"
        },
        {
            "name": "phpsog/phpsog",
            "version": "0.0.3",
            "dist": {
                "type": "zip",
                "url": "https://github.com/mermshaus/phpsog/zipball/2aa778bb92222042677026eb62058da05d12d0ce",
                "reference": null,
                "shasum": null
            },
            "type": "library",
            "autoload": {
                "psr-0": {
                    "Phpsog": "library/"
                }
            }
        },
        {
            "name": "symfony/event-dispatcher",
            "version": "v2.0.12",
            "target-dir": "Symfony/Component/EventDispatcher",
            "source": {
                "type": "git",
                "url": "https://github.com/symfony/EventDispatcher",
                "reference": "v2.0.12"
            },
            "dist": {
                "type": "zip",
                "url": "https://github.com/symfony/EventDispatcher/zipball/v2.0.12",
                "reference": "v2.0.12",
                "shasum": ""
            },
            "require": {
                "php": ">=5.3.2"
            },
            "type": "library",
            "autoload": {
                "psr-0": {
                    "Symfony\\Component\\EventDispatcher": ""
                }
            },
            "notification-url": "https://packagist.org/downloads/",
            "license": [
                "MIT"
            ],
            "authors": [
                {
                    "name": "Fabien Potencier",
                    "email": "fabien@symfony.com"
                },
                {
                    "name": "Symfony Community",
                    "homepage": "http://symfony.com/contributors"
                }
            ],
            "description": "Symfony EventDispatcher Component",
            "homepage": "http://symfony.com",
            "time": "2012-03-02 16:31:12"
        }
    ],
    "packages-dev": [

    ],
    "aliases": [

    ],
    "minimum-stability": "stable",
    "stability-flags": {
        "kaloa/filesystem": 20
    },
    "platform": {
        "php": ">=5.3.2"
    },
    "platform-dev": [

    ]
}
